schema: '2.0'
stages:
  data_collection:
    cmd: python src/data/data_collection.py
    deps:
    - path: src/data/data_collection.py
      hash: md5
      md5: 9630573971666c58859aa4705924e6b4
      size: 2002
    params:
      params.yaml:
        data_collection.test_size: 0.2
    outs:
    - path: data/raw
      hash: md5
      md5: c0c2d65c14a603e91e029fda3c344a5c.dir
      size: 522262
      nfiles: 2
  pre_preprocessing:
    cmd: python src/data/data_prep.py
    deps:
    - path: data/raw
      hash: md5
      md5: c0c2d65c14a603e91e029fda3c344a5c.dir
      size: 522262
      nfiles: 2
    - path: src/data/data_prep.py
      hash: md5
      md5: 5381c5b99c37af255d2fab4a9b4630ea
      size: 1862
    outs:
    - path: data/processed
      hash: md5
      md5: e34c84b2d0f2a75442271cd6c5779b7c.dir
      size: 546895
      nfiles: 2
  model_building:
    cmd: python src/model/model_building.py
    deps:
    - path: data/processed
      hash: md5
      md5: e34c84b2d0f2a75442271cd6c5779b7c.dir
      size: 546895
      nfiles: 2
    - path: src/model/model_building.py
      hash: md5
      md5: abe4e5d1d9a4ece0291f9069db83aac7
      size: 2025
    params:
      params.yaml:
        model_building.n_estimators: 100
    outs:
    - path: models/model.pkl
      hash: md5
      md5: 83f3fa57743dd407c16f7481be882052
      size: 7376306
  model_eval:
    cmd: python src/model/model_eval.py
    deps:
    - path: models/model.pkl
      hash: md5
      md5: 83f3fa57743dd407c16f7481be882052
      size: 7376306
    - path: src/model/model_eval.py
      hash: md5
      md5: 648b46aec3b420f6bc392b41fedaef65
      size: 2468
    outs:
    - path: reports/metrics.json
      hash: md5
      md5: 6c8b2839929f2c50528e27e67bed81fa
      size: 146
